
Microsoft Visual Studio Solution File, Format Version 12.00
# Visual Studio Version 16
VisualStudioVersion = 16.0.31129.286
MinimumVisualStudioVersion = 10.0.40219.1
Project("{FAE04EC0-301F-11D3-BF4B-00C04F79EFBC}") = "WindowsFormsControlLibrary", "WindowsFormsControlLibrary\WindowsFormsControlLibrary.csproj", "{4C8DC4F6-516E-4A4F-9A44-7C9DD45E221B}"
EndProject
Project("{FAE04EC0-301F-11D3-BF4B-00C04F79EFBC}") = "WindowsFormsComponentLibrary", "WindowsFormsComponentLibrary\WindowsFormsComponentLibrary.csproj", "{68B2B9C2-95CE-45E1-AF16-5F8D422BED30}"
EndProject
Project("{FAE04EC0-301F-11D3-BF4B-00C04F79EFBC}") = "WindowsFormsAppTest", "WindowsFormsAppTest\WindowsFormsAppTest.csproj", "{2F61CC52-925D-40CE-BA63-08BCEB1EB67D}"
EndProject
Global
	GlobalSection(SolutionConfigurationPlatforms) = preSolution
		Debug|Any CPU = Debug|Any CPU
		Release|Any CPU = Release|Any CPU
	EndGlobalSection
	GlobalSection(ProjectConfigurationPlatforms) = postSolution
		{4C8DC4F6-516E-4A4F-9A44-7C9DD45E221B}.Debug|Any CPU.ActiveCfg = Debug|Any CPU
		{4C8DC4F6-516E-4A4F-9A44-7C9DD45E221B}.Debug|Any CPU.Build.0 = Debug|Any CPU
		{4C8DC4F6-516E-4A4F-9A44-7C9DD45E221B}.Release|Any CPU.ActiveCfg = Release|Any CPU
		{4C8DC4F6-516E-4A4F-9A44-7C9DD45E221B}.Release|Any CPU.Build.0 = Release|Any CPU
		{68B2B9C2-95CE-45E1-AF16-5F8D422BED30}.Debug|Any CPU.ActiveCfg = Debug|Any CPU
		{68B2B9C2-95CE-45E1-AF16-5F8D422BED30}.Debug|Any CPU.Build.0 = Debug|Any CPU
		{68B2B9C2-95CE-45E1-AF16-5F8D422BED30}.Release|Any CPU.ActiveCfg = Release|Any CPU
		{68B2B9C2-95CE-45E1-AF16-5F8D422BED30}.Release|Any CPU.Build.0 = Release|Any CPU
		{2F61CC52-925D-40CE-BA63-08BCEB1EB67D}.Debug|Any CPU.ActiveCfg = Debug|Any CPU
		{2F61CC52-925D-40CE-BA63-08BCEB1EB67D}.Debug|Any CPU.Build.0 = Debug|Any CPU
		{2F61CC52-925D-40CE-BA63-08BCEB1EB67D}.Release|Any CPU.ActiveCfg = Release|Any CPU
		{2F61CC52-925D-40CE-BA63-08BCEB1EB67D}.Release|Any CPU.Build.0 = Release|Any CPU
	EndGlobalSection
	GlobalSection(SolutionProperties) = preSolution
		HideSolutionNode = FALSE
	EndGlobalSection
	GlobalSection(ExtensibilityGlobals) = postSolution
		SolutionGuid = {DEF6A0F9-E1D2-4510-B43C-1EDB778CD1B3}
	EndGlobalSection
EndGlobal
