
Microsoft Visual Studio Solution File, Format Version 12.00
# Visual Studio Version 16
VisualStudioVersion = 16.0.31129.286
MinimumVisualStudioVersion = 10.0.40219.1
Project("{FAE04EC0-301F-11D3-BF4B-00C04F79EFBC}") = "WindowsFormsControlLibrary", "WindowsFormsControlLibrary\WindowsFormsControlLibrary.csproj", "{4C8DC4F6-516E-4A4F-9A44-7C9DD45E221B}"
EndProject
Project("{FAE04EC0-301F-11D3-BF4B-00C04F79EFBC}") = "WindowsFormsComponentLibrary", "WindowsFormsComponentLibrary\WindowsFormsComponentLibrary.csproj", "{68B2B9C2-95CE-45E1-AF16-5F8D422BED30}"
EndProject
Project("{FAE04EC0-301F-11D3-BF4B-00C04F79EFBC}") = "WindowsFormsAppTest", "WindowsFormsAppTest\WindowsFormsAppTest.csproj", "{2F61CC52-925D-40CE-BA63-08BCEB1EB67D}"
EndProject
Project("{9A19103F-16F7-4668-BE54-9A1E7A4F7556}") = "BookStorageBusinessLogic", "BookStorageBusinessLogic\BookStorageBusinessLogic.csproj", "{DBC93E7B-15C8-4A35-9E6E-142D3036211B}"
EndProject
Project("{FAE04EC0-301F-11D3-BF4B-00C04F79EFBC}") = "BookStorageView", "BookStorageView\BookStorageView.csproj", "{5035B6E9-B6B9-4473-984C-FFB670A57855}"
EndProject
Project("{9A19103F-16F7-4668-BE54-9A1E7A4F7556}") = "BookStorageDatabaseImplement", "BookStorageDatabaseImplement\BookStorageDatabaseImplement.csproj", "{3543D7F9-80B3-4E73-AF99-5FE6613FE140}"
EndProject
Project("{FAE04EC0-301F-11D3-BF4B-00C04F79EFBC}") = "DockPlugin", "DockPlugin\DockPlugin.csproj", "{DF9F9EDC-B4EA-452B-A6E9-E59390BCCDA8}"
EndProject
Project("{FAE04EC0-301F-11D3-BF4B-00C04F79EFBC}") = "ViberMessengerPlugin", "ViberMessengerPlugin\ViberMessengerPlugin.csproj", "{7E252E77-4F60-4B8D-8908-7666AAECD88F}"
EndProject
Global
	GlobalSection(SolutionConfigurationPlatforms) = preSolution
		Debug|Any CPU = Debug|Any CPU
		Release|Any CPU = Release|Any CPU
	EndGlobalSection
	GlobalSection(ProjectConfigurationPlatforms) = postSolution
		{4C8DC4F6-516E-4A4F-9A44-7C9DD45E221B}.Debug|Any CPU.ActiveCfg = Debug|Any CPU
		{4C8DC4F6-516E-4A4F-9A44-7C9DD45E221B}.Debug|Any CPU.Build.0 = Debug|Any CPU
		{4C8DC4F6-516E-4A4F-9A44-7C9DD45E221B}.Release|Any CPU.ActiveCfg = Release|Any CPU
		{4C8DC4F6-516E-4A4F-9A44-7C9DD45E221B}.Release|Any CPU.Build.0 = Release|Any CPU
		{68B2B9C2-95CE-45E1-AF16-5F8D422BED30}.Debug|Any CPU.ActiveCfg = Debug|Any CPU
		{68B2B9C2-95CE-45E1-AF16-5F8D422BED30}.Debug|Any CPU.Build.0 = Debug|Any CPU
		{68B2B9C2-95CE-45E1-AF16-5F8D422BED30}.Release|Any CPU.ActiveCfg = Release|Any CPU
		{68B2B9C2-95CE-45E1-AF16-5F8D422BED30}.Release|Any CPU.Build.0 = Release|Any CPU
		{2F61CC52-925D-40CE-BA63-08BCEB1EB67D}.Debug|Any CPU.ActiveCfg = Debug|Any CPU
		{2F61CC52-925D-40CE-BA63-08BCEB1EB67D}.Debug|Any CPU.Build.0 = Debug|Any CPU
		{2F61CC52-925D-40CE-BA63-08BCEB1EB67D}.Release|Any CPU.ActiveCfg = Release|Any CPU
		{2F61CC52-925D-40CE-BA63-08BCEB1EB67D}.Release|Any CPU.Build.0 = Release|Any CPU
		{DBC93E7B-15C8-4A35-9E6E-142D3036211B}.Debug|Any CPU.ActiveCfg = Debug|Any CPU
		{DBC93E7B-15C8-4A35-9E6E-142D3036211B}.Debug|Any CPU.Build.0 = Debug|Any CPU
		{DBC93E7B-15C8-4A35-9E6E-142D3036211B}.Release|Any CPU.ActiveCfg = Release|Any CPU
		{DBC93E7B-15C8-4A35-9E6E-142D3036211B}.Release|Any CPU.Build.0 = Release|Any CPU
		{5035B6E9-B6B9-4473-984C-FFB670A57855}.Debug|Any CPU.ActiveCfg = Debug|Any CPU
		{5035B6E9-B6B9-4473-984C-FFB670A57855}.Debug|Any CPU.Build.0 = Debug|Any CPU
		{5035B6E9-B6B9-4473-984C-FFB670A57855}.Release|Any CPU.ActiveCfg = Release|Any CPU
		{5035B6E9-B6B9-4473-984C-FFB670A57855}.Release|Any CPU.Build.0 = Release|Any CPU
		{3543D7F9-80B3-4E73-AF99-5FE6613FE140}.Debug|Any CPU.ActiveCfg = Debug|Any CPU
		{3543D7F9-80B3-4E73-AF99-5FE6613FE140}.Debug|Any CPU.Build.0 = Debug|Any CPU
		{3543D7F9-80B3-4E73-AF99-5FE6613FE140}.Release|Any CPU.ActiveCfg = Release|Any CPU
		{3543D7F9-80B3-4E73-AF99-5FE6613FE140}.Release|Any CPU.Build.0 = Release|Any CPU
		{DF9F9EDC-B4EA-452B-A6E9-E59390BCCDA8}.Debug|Any CPU.ActiveCfg = Debug|Any CPU
		{DF9F9EDC-B4EA-452B-A6E9-E59390BCCDA8}.Debug|Any CPU.Build.0 = Debug|Any CPU
		{DF9F9EDC-B4EA-452B-A6E9-E59390BCCDA8}.Release|Any CPU.ActiveCfg = Release|Any CPU
		{DF9F9EDC-B4EA-452B-A6E9-E59390BCCDA8}.Release|Any CPU.Build.0 = Release|Any CPU
		{7E252E77-4F60-4B8D-8908-7666AAECD88F}.Debug|Any CPU.ActiveCfg = Debug|Any CPU
		{7E252E77-4F60-4B8D-8908-7666AAECD88F}.Debug|Any CPU.Build.0 = Debug|Any CPU
		{7E252E77-4F60-4B8D-8908-7666AAECD88F}.Release|Any CPU.ActiveCfg = Release|Any CPU
		{7E252E77-4F60-4B8D-8908-7666AAECD88F}.Release|Any CPU.Build.0 = Release|Any CPU
	EndGlobalSection
	GlobalSection(SolutionProperties) = preSolution
		HideSolutionNode = FALSE
	EndGlobalSection
	GlobalSection(ExtensibilityGlobals) = postSolution
		SolutionGuid = {DEF6A0F9-E1D2-4510-B43C-1EDB778CD1B3}
	EndGlobalSection
EndGlobal
